
Microsoft Visual Studio Solution File, Format Version 12.00
# Visual Studio Version 17
VisualStudioVersion = 17.0.31903.59
MinimumVisualStudioVersion = 10.0.40219.1
Project("{9A19103F-16F7-4668-BE54-9A1E7A4F7556}") = "Domain", "Domain\Domain.csproj", "{02BB9EE4-5208-4FFB-AB59-6098CF256E30}"
EndProject
Project("{9A19103F-16F7-4668-BE54-9A1E7A4F7556}") = "Infrastructure", "Infrastructure\Infrastructure.csproj", "{8F4CFAD0-0F93-4AB8-B476-53AC49E95972}"
EndProject
Project("{9A19103F-16F7-4668-BE54-9A1E7A4F7556}") = "Tests", "Tests\Tests.csproj", "{66F06F71-5535-46BF-921A-6BEAF5AE6927}"
EndProject
Project("{9A19103F-16F7-4668-BE54-9A1E7A4F7556}") = "ApplicationServices", "ApplicationServices\ApplicationServices.csproj", "{FB5B68DC-2205-4222-918A-7FF4A4FDB991}"
EndProject
Project("{9A19103F-16F7-4668-BE54-9A1E7A4F7556}") = "Api.Service", "Api.Service\Api.Service.csproj", "{250E23BB-34DF-424E-9E75-C1AFE3606530}"
EndProject
Project("{9A19103F-16F7-4668-BE54-9A1E7A4F7556}") = "Integration.Tests", "Integration.Tests\Integration.Tests.csproj", "{3747CE67-1D7E-474C-970F-255A6322FF65}"
EndProject
Project("{2150E333-8FDC-42A3-9474-1A3956D46DE8}") = "testing", "testing", "{2F96EB5C-6647-4B36-8A1F-8B02520B4A65}"
EndProject
Project("{9A19103F-16F7-4668-BE54-9A1E7A4F7556}") = "TestFixtures", "Test.Fixtures\TestFixtures.csproj", "{F3128133-1EF6-430D-A5F1-30A5A1B744E8}"
EndProject
Global
	GlobalSection(SolutionConfigurationPlatforms) = preSolution
		Debug|Any CPU = Debug|Any CPU
		Release|Any CPU = Release|Any CPU
	EndGlobalSection
	GlobalSection(ProjectConfigurationPlatforms) = postSolution
		{02BB9EE4-5208-4FFB-AB59-6098CF256E30}.Debug|Any CPU.ActiveCfg = Debug|Any CPU
		{02BB9EE4-5208-4FFB-AB59-6098CF256E30}.Debug|Any CPU.Build.0 = Debug|Any CPU
		{02BB9EE4-5208-4FFB-AB59-6098CF256E30}.Release|Any CPU.ActiveCfg = Release|Any CPU
		{02BB9EE4-5208-4FFB-AB59-6098CF256E30}.Release|Any CPU.Build.0 = Release|Any CPU
		{8F4CFAD0-0F93-4AB8-B476-53AC49E95972}.Debug|Any CPU.ActiveCfg = Debug|Any CPU
		{8F4CFAD0-0F93-4AB8-B476-53AC49E95972}.Debug|Any CPU.Build.0 = Debug|Any CPU
		{8F4CFAD0-0F93-4AB8-B476-53AC49E95972}.Release|Any CPU.ActiveCfg = Release|Any CPU
		{8F4CFAD0-0F93-4AB8-B476-53AC49E95972}.Release|Any CPU.Build.0 = Release|Any CPU
		{66F06F71-5535-46BF-921A-6BEAF5AE6927}.Debug|Any CPU.ActiveCfg = Debug|Any CPU
		{66F06F71-5535-46BF-921A-6BEAF5AE6927}.Debug|Any CPU.Build.0 = Debug|Any CPU
		{66F06F71-5535-46BF-921A-6BEAF5AE6927}.Release|Any CPU.ActiveCfg = Release|Any CPU
		{66F06F71-5535-46BF-921A-6BEAF5AE6927}.Release|Any CPU.Build.0 = Release|Any CPU
		{FB5B68DC-2205-4222-918A-7FF4A4FDB991}.Debug|Any CPU.ActiveCfg = Debug|Any CPU
		{FB5B68DC-2205-4222-918A-7FF4A4FDB991}.Debug|Any CPU.Build.0 = Debug|Any CPU
		{FB5B68DC-2205-4222-918A-7FF4A4FDB991}.Release|Any CPU.ActiveCfg = Release|Any CPU
		{FB5B68DC-2205-4222-918A-7FF4A4FDB991}.Release|Any CPU.Build.0 = Release|Any CPU
		{250E23BB-34DF-424E-9E75-C1AFE3606530}.Debug|Any CPU.ActiveCfg = Debug|Any CPU
		{250E23BB-34DF-424E-9E75-C1AFE3606530}.Debug|Any CPU.Build.0 = Debug|Any CPU
		{250E23BB-34DF-424E-9E75-C1AFE3606530}.Release|Any CPU.ActiveCfg = Release|Any CPU
		{250E23BB-34DF-424E-9E75-C1AFE3606530}.Release|Any CPU.Build.0 = Release|Any CPU
		{3747CE67-1D7E-474C-970F-255A6322FF65}.Debug|Any CPU.ActiveCfg = Debug|Any CPU
		{3747CE67-1D7E-474C-970F-255A6322FF65}.Debug|Any CPU.Build.0 = Debug|Any CPU
		{3747CE67-1D7E-474C-970F-255A6322FF65}.Release|Any CPU.ActiveCfg = Release|Any CPU
		{3747CE67-1D7E-474C-970F-255A6322FF65}.Release|Any CPU.Build.0 = Release|Any CPU
		{F3128133-1EF6-430D-A5F1-30A5A1B744E8}.Debug|Any CPU.ActiveCfg = Debug|Any CPU
		{F3128133-1EF6-430D-A5F1-30A5A1B744E8}.Debug|Any CPU.Build.0 = Debug|Any CPU
		{F3128133-1EF6-430D-A5F1-30A5A1B744E8}.Release|Any CPU.ActiveCfg = Release|Any CPU
		{F3128133-1EF6-430D-A5F1-30A5A1B744E8}.Release|Any CPU.Build.0 = Release|Any CPU
	EndGlobalSection
	GlobalSection(SolutionProperties) = preSolution
		HideSolutionNode = FALSE
	EndGlobalSection
	GlobalSection(NestedProjects) = preSolution
		{66F06F71-5535-46BF-921A-6BEAF5AE6927} = {2F96EB5C-6647-4B36-8A1F-8B02520B4A65}
		{3747CE67-1D7E-474C-970F-255A6322FF65} = {2F96EB5C-6647-4B36-8A1F-8B02520B4A65}
		{F3128133-1EF6-430D-A5F1-30A5A1B744E8} = {2F96EB5C-6647-4B36-8A1F-8B02520B4A65}
	EndGlobalSection
	GlobalSection(ExtensibilityGlobals) = postSolution
		SolutionGuid = {4551208E-67FF-442E-BB6A-EF7E5D7502A8}
	EndGlobalSection
EndGlobal
